PODS:
  - Abacus (1.13.43)
  - AmplitudeSwift (1.11.2):
    - AnalyticsConnector (~> 1.3.0)
  - AnalyticsConnector (1.3.1)
  - AppsFlyerFramework (6.15.3):
    - AppsFlyerFramework/Main (= 6.15.3)
  - AppsFlyerFramework/Main (6.15.3)
  - Atributika (5.0.5)
  - CocoaLumberjack (3.8.5):
    - CocoaLumberjack/Core (= 3.8.5)
  - CocoaLumberjack/Core (3.8.5)
  - CombineExt (1.8.0)
  - COSTouchVisualizer (1.0.6)
  - DGCharts (3.6.0):
    - DGCharts/Core (= 3.6.0)
  - DGCharts/Core (3.6.0)
  - Differ (1.4.5)
  - DrawerMenu (1.0.1)
  - EasyTipView (2.1.0)
  - EFQRCode (6.2.2):
    - ef_swift_qrcodejs (~> 2.3.0)
  - Firebase/AnalyticsWithoutAdIdSupport (11.6.0):
    - Firebase/CoreOnly
    - FirebaseAnalytics/WithoutAdIdSupport (~> 11.6.0)
  - Firebase/Core (11.6.0):
    - Firebase/CoreOnly
    - FirebaseAnalytics (~> 11.6.0)
  - Firebase/CoreOnly (11.6.0):
    - FirebaseCore (~> 11.6.0)
  - Firebase/Messaging (11.6.0):
    - Firebase/CoreOnly
    - FirebaseMessaging (~> 11.6.0)
  - Firebase/Performance (11.6.0):
    - Firebase/CoreOnly
    - FirebasePerformance (~> 11.6.0)
  - FirebaseABTesting (11.6.0):
    - FirebaseCore (~> 11.6.0)
  - FirebaseAnalytics (11.6.0):
    - FirebaseAnalytics/AdIdSupport (= 11.6.0)
    - FirebaseCore (~> 11.6.0)
    - FirebaseInstallations (~> 11.0)
    - GoogleUtilities/AppDelegateSwizzler (~> 8.0)
    - GoogleUtilities/MethodSwizzler (~> 8.0)
    - GoogleUtilities/Network (~> 8.0)
    - "GoogleUtilities/NSData+zlib (~> 8.0)"
    - nanopb (~> 3.30910.0)
  - FirebaseAnalytics/AdIdSupport (11.6.0):
    - FirebaseCore (~> 11.6.0)
    - FirebaseInstallations (~> 11.0)
    - GoogleAppMeasurement (= 11.6.0)
    - GoogleUtilities/AppDelegateSwizzler (~> 8.0)
    - GoogleUtilities/MethodSwizzler (~> 8.0)
    - GoogleUtilities/Network (~> 8.0)
    - "GoogleUtilities/NSData+zlib (~> 8.0)"
    - nanopb (~> 3.30910.0)
  - FirebaseAnalytics/WithoutAdIdSupport (11.6.0):
    - FirebaseCore (~> 11.6.0)
    - FirebaseInstallations (~> 11.0)
    - GoogleAppMeasurement/WithoutAdIdSupport (= 11.6.0)
    - GoogleUtilities/AppDelegateSwizzler (~> 8.0)
    - GoogleUtilities/MethodSwizzler (~> 8.0)
    - GoogleUtilities/Network (~> 8.0)
    - "GoogleUtilities/NSData+zlib (~> 8.0)"
    - nanopb (~> 3.30910.0)
  - FirebaseCore (11.6.0):
    - FirebaseCoreInternal (~> 11.6.0)
    - GoogleUtilities/Environment (~> 8.0)
    - GoogleUtilities/Logger (~> 8.0)
  - FirebaseCoreExtension (11.6.0):
    - FirebaseCore (~> 11.6.0)
  - FirebaseCoreInternal (11.6.0):
    - "GoogleUtilities/NSData+zlib (~> 8.0)"
  - FirebaseCrashlytics (11.6.0):
    - FirebaseCore (~> 11.6.0)
    - FirebaseInstallations (~> 11.0)
    - FirebaseRemoteConfigInterop (~> 11.0)
    - FirebaseSessions (~> 11.0)
    - GoogleDataTransport (~> 10.0)
    - GoogleUtilities/Environment (~> 8.0)
    - nanopb (~> 3.30910.0)
    - PromisesObjC (~> 2.4)
  - FirebaseInstallations (11.6.0):
    - FirebaseCore (~> 11.6.0)
    - GoogleUtilities/Environment (~> 8.0)
    - GoogleUtilities/UserDefaults (~> 8.0)
    - PromisesObjC (~> 2.4)
  - FirebaseMessaging (11.6.0):
    - FirebaseCore (~> 11.6.0)
    - FirebaseInstallations (~> 11.0)
    - GoogleDataTransport (~> 10.0)
    - GoogleUtilities/AppDelegateSwizzler (~> 8.0)
    - GoogleUtilities/Environment (~> 8.0)
    - GoogleUtilities/Reachability (~> 8.0)
    - GoogleUtilities/UserDefaults (~> 8.0)
    - nanopb (~> 3.30910.0)
  - FirebasePerformance (11.6.0):
    - FirebaseCore (~> 11.6.0)
    - FirebaseInstallations (~> 11.0)
    - FirebaseRemoteConfig (~> 11.0)
    - FirebaseSessions (~> 11.0)
    - GoogleDataTransport (~> 10.0)
    - GoogleUtilities/Environment (~> 8.0)
    - GoogleUtilities/MethodSwizzler (~> 8.0)
    - GoogleUtilities/UserDefaults (~> 8.0)
    - nanopb (~> 3.30910.0)
  - FirebaseRemoteConfig (11.6.0):
    - FirebaseABTesting (~> 11.0)
    - FirebaseCore (~> 11.6.0)
    - FirebaseInstallations (~> 11.0)
    - FirebaseRemoteConfigInterop (~> 11.0)
    - FirebaseSharedSwift (~> 11.0)
    - GoogleUtilities/Environment (~> 8.0)
    - "GoogleUtilities/NSData+zlib (~> 8.0)"
  - FirebaseRemoteConfigInterop (11.6.0)
  - FirebaseSessions (11.6.0):
    - FirebaseCore (~> 11.6.0)
    - FirebaseCoreExtension (~> 11.6.0)
    - FirebaseInstallations (~> 11.0)
    - GoogleDataTransport (~> 10.0)
    - GoogleUtilities/Environment (~> 8.0)
    - GoogleUtilities/UserDefaults (~> 8.0)
    - nanopb (~> 3.30910.0)
    - PromisesSwift (~> 2.1)
  - FirebaseSharedSwift (11.6.0)
  - FloatingPanel (2.7.0)
  - GoogleAppMeasurement (11.6.0):
    - GoogleAppMeasurement/AdIdSupport (= 11.6.0)
    - GoogleUtilities/AppDelegateSwizzler (~> 8.0)
    - GoogleUtilities/MethodSwizzler (~> 8.0)
    - GoogleUtilities/Network (~> 8.0)
    - "GoogleUtilities/NSData+zlib (~> 8.0)"
    - nanopb (~> 3.30910.0)
  - GoogleAppMeasurement/AdIdSupport (11.6.0):
    - GoogleAppMeasurement/WithoutAdIdSupport (= 11.6.0)
    - GoogleUtilities/AppDelegateSwizzler (~> 8.0)
    - GoogleUtilities/MethodSwizzler (~> 8.0)
    - GoogleUtilities/Network (~> 8.0)
    - "GoogleUtilities/NSData+zlib (~> 8.0)"
    - nanopb (~> 3.30910.0)
  - GoogleAppMeasurement/WithoutAdIdSupport (11.6.0):
    - GoogleUtilities/AppDelegateSwizzler (~> 8.0)
    - GoogleUtilities/MethodSwizzler (~> 8.0)
    - GoogleUtilities/Network (~> 8.0)
    - "GoogleUtilities/NSData+zlib (~> 8.0)"
    - nanopb (~> 3.30910.0)
  - GoogleDataTransport (10.1.0):
    - nanopb (~> 3.30910.0)
    - PromisesObjC (~> 2.4)
  - GoogleToolboxForMac (5.0.0):
    - GoogleToolboxForMac/Core (= 5.0.0)
    - GoogleToolboxForMac/Defines (= 5.0.0)
    - GoogleToolboxForMac/GeometryUtils (= 5.0.0)
    - GoogleToolboxForMac/KVO (= 5.0.0)
    - GoogleToolboxForMac/Logger (= 5.0.0)
    - "GoogleToolboxForMac/NSData+zlib (= 5.0.0)"
    - "GoogleToolboxForMac/NSFileHandle+UniqueName (= 5.0.0)"
    - "GoogleToolboxForMac/NSString+HTML (= 5.0.0)"
    - "GoogleToolboxForMac/NSString+XML (= 5.0.0)"
    - "GoogleToolboxForMac/NSThread+Blocks (= 5.0.0)"
    - GoogleToolboxForMac/StringEncoding (= 5.0.0)
  - GoogleToolboxForMac/Core (5.0.0):
    - GoogleToolboxForMac/Defines (= 5.0.0)
  - GoogleToolboxForMac/DebugUtils (5.0.0):
    - GoogleToolboxForMac/Defines (= 5.0.0)
  - GoogleToolboxForMac/Defines (5.0.0)
  - GoogleToolboxForMac/GeometryUtils (5.0.0):
    - GoogleToolboxForMac/Defines (= 5.0.0)
  - GoogleToolboxForMac/KVO (5.0.0):
    - GoogleToolboxForMac/Core (= 5.0.0)
    - GoogleToolboxForMac/DebugUtils (= 5.0.0)
  - GoogleToolboxForMac/Logger (5.0.0):
    - GoogleToolboxForMac/Defines (= 5.0.0)
  - "GoogleToolboxForMac/NSData+zlib (5.0.0)":
    - GoogleToolboxForMac/Defines (= 5.0.0)
  - "GoogleToolboxForMac/NSFileHandle+UniqueName (5.0.0)":
    - GoogleToolboxForMac/Defines (= 5.0.0)
  - "GoogleToolboxForMac/NSString+HTML (5.0.0)":
    - GoogleToolboxForMac/Core (= 5.0.0)
  - "GoogleToolboxForMac/NSString+XML (5.0.0)":
    - GoogleToolboxForMac/Defines (= 5.0.0)
  - "GoogleToolboxForMac/NSThread+Blocks (5.0.0)":
    - GoogleToolboxForMac/Defines (= 5.0.0)
  - GoogleToolboxForMac/StringEncoding (5.0.0):
    - GoogleToolboxForMac/Defines (= 5.0.0)
  - GoogleUtilities (8.0.2):
    - GoogleUtilities/AppDelegateSwizzler (= 8.0.2)
    - GoogleUtilities/Environment (= 8.0.2)
    - GoogleUtilities/Logger (= 8.0.2)
    - GoogleUtilities/MethodSwizzler (= 8.0.2)
    - GoogleUtilities/Network (= 8.0.2)
    - "GoogleUtilities/NSData+zlib (= 8.0.2)"
    - GoogleUtilities/Privacy (= 8.0.2)
    - GoogleUtilities/Reachability (= 8.0.2)
    - GoogleUtilities/SwizzlerTestHelpers (= 8.0.2)
    - GoogleUtilities/UserDefaults (= 8.0.2)
  - GoogleUtilities/AppDelegateSwizzler (8.0.2):
    - GoogleUtilities/Environment
    - GoogleUtilities/Logger
    - GoogleUtilities/Network
    - GoogleUtilities/Privacy
  - GoogleUtilities/Environment (8.0.2):
    - GoogleUtilities/Privacy
  - GoogleUtilities/Logger (8.0.2):
    - GoogleUtilities/Environment
    - GoogleUtilities/Privacy
  - GoogleUtilities/MethodSwizzler (8.0.2):
    - GoogleUtilities/Logger
    - GoogleUtilities/Privacy
  - GoogleUtilities/Network (8.0.2):
    - GoogleUtilities/Logger
    - "GoogleUtilities/NSData+zlib"
    - GoogleUtilities/Privacy
    - GoogleUtilities/Reachability
  - "GoogleUtilities/NSData+zlib (8.0.2)":
    - GoogleUtilities/Privacy
  - GoogleUtilities/Privacy (8.0.2)
  - GoogleUtilities/Reachability (8.0.2):
    - GoogleUtilities/Logger
    - GoogleUtilities/Privacy
  - GoogleUtilities/SwizzlerTestHelpers (8.0.2):
    - GoogleUtilities/MethodSwizzler
  - GoogleUtilities/UserDefaults (8.0.2):
    - GoogleUtilities/Logger
    - GoogleUtilities/Privacy
  - GTMSessionFetcher (4.1.0):
    - GTMSessionFetcher/Full (= 4.1.0)
  - GTMSessionFetcher/Core (4.1.0)
  - GTMSessionFetcher/Full (4.1.0):
    - GTMSessionFetcher/Core
  - HMSegmentedControl (1.5.6)
  - iCarousel (1.8.3)
  - JTCalendar (2.2.6)
  - KVOController (1.2.0)
  - libPhoneNumber-iOS (0.9.15)
  - MaterialActivityIndicator (0.0.6)
  - nanopb (3.30910.0):
    - nanopb/decode (= 3.30910.0)
    - nanopb/encode (= 3.30910.0)
  - nanopb/decode (3.30910.0)
  - nanopb/encode (3.30910.0)
  - NVActivityIndicatorView (5.2.0):
    - NVActivityIndicatorView/Base (= 5.2.0)
  - NVActivityIndicatorView/Base (5.2.0)
  - PanModal (1.2.7)
  - pop (1.0.12)
  - Popovers (1.3.0)
  - PromisesObjC (2.4.0)
  - PromisesSwift (2.4.0):
    - PromisesObjC (= 2.4.0)
  - RDHCollectionViewGridLayout (1.2.5)
  - ReachabilitySwift (5.2.4)
  - SDWebImage (5.20.0):
    - SDWebImage/Core (= 5.20.0)
  - SDWebImage/Core (5.20.0)
  - SDWebImageSVGCoder (1.8.0):
    - SDWebImage/Core (~> 5.6)
  - SDWebImageSwiftUI (3.1.3):
    - SDWebImage (~> 5.10)
  - SimpleKeychain (0.12.5)
  - SnapKit (5.7.1)
  - Statsig (1.49.0)
  - SVGKit (3.0.0):
    - CocoaLumberjack (~> 3.0)
  - Validator (3.2.1)
  - ZSWTappableLabel (3.3.2)

DEPENDENCIES:
  - Abacus (from `../podspecs/Abacus.podspec`)
  - AmplitudeSwift (~> 1.0)
  - AppsFlyerFramework
  - Atributika
  - CombineExt
  - COSTouchVisualizer
  - DGCharts (from `https://github.com/dydxprotocol/Charts.git`, branch `releases/3.6.0.4`)
  - Differ
  - DrawerMenu
  - EasyTipView
  - EFQRCode
  - Firebase/AnalyticsWithoutAdIdSupport
  - Firebase/Core
  - Firebase/Messaging
  - Firebase/Performance
  - FirebaseCrashlytics
  - FloatingPanel (= 2.7.0)
  - GoogleToolboxForMac
  - GoogleUtilities
  - GTMSessionFetcher
  - HMSegmentedControl
  - iCarousel
  - JTCalendar
  - KVOController
  - libPhoneNumber-iOS (~> 0.9.15)
  - MaterialActivityIndicator
  - NVActivityIndicatorView
  - PanModal
  - pop
  - Popovers
  - RDHCollectionViewGridLayout
  - ReachabilitySwift
  - SDWebImage
  - SDWebImageSVGCoder
  - SDWebImageSwiftUI
  - SimpleKeychain (~> 0.12.5)
  - SnapKit
  - Statsig (~> 1.0)
  - SVGKit
  - Validator
  - ZSWTappableLabel

SPEC REPOS:
  https://github.com/CocoaPods/Specs.git:
    - AmplitudeSwift
    - AnalyticsConnector
    - AppsFlyerFramework
    - Atributika
    - CocoaLumberjack
    - CombineExt
    - COSTouchVisualizer
    - Differ
    - DrawerMenu
    - EasyTipView
    - EFQRCode
    - Firebase
    - FirebaseABTesting
    - FirebaseAnalytics
    - FirebaseCore
    - FirebaseCoreExtension
    - FirebaseCoreInternal
    - FirebaseCrashlytics
    - FirebaseInstallations
    - FirebaseMessaging
    - FirebasePerformance
    - FirebaseRemoteConfig
    - FirebaseRemoteConfigInterop
    - FirebaseSessions
    - FirebaseSharedSwift
    - FloatingPanel
    - GoogleAppMeasurement
    - GoogleDataTransport
    - GoogleToolboxForMac
    - GoogleUtilities
    - GTMSessionFetcher
    - HMSegmentedControl
    - iCarousel
    - JTCalendar
    - KVOController
    - libPhoneNumber-iOS
    - MaterialActivityIndicator
    - nanopb
    - NVActivityIndicatorView
    - PanModal
    - pop
    - Popovers
    - PromisesObjC
    - PromisesSwift
    - RDHCollectionViewGridLayout
    - ReachabilitySwift
    - SDWebImage
    - SDWebImageSVGCoder
    - SDWebImageSwiftUI
    - SimpleKeychain
    - SnapKit
    - Statsig
    - SVGKit
    - Validator
    - ZSWTappableLabel

EXTERNAL SOURCES:
  Abacus:
    :podspec: "../podspecs/Abacus.podspec"
  DGCharts:
    :branch: releases/3.6.0.4
    :git: https://github.com/dydxprotocol/Charts.git

CHECKOUT OPTIONS:
  DGCharts:
    :commit: 5fcd52176925ef8112f79d7bed933f87fab1d738
    :git: https://github.com/dydxprotocol/Charts.git

SPEC CHECKSUMS:
  Abacus: 35d2c5bcaf2129cc2fc0045875bc6ff9831a5e31
  AmplitudeSwift: ec670fe6f0a0b673bde44b6f02359993cc5513b1
  AnalyticsConnector: 3def11199b4ddcad7202c778bde982ec5da0ebb3
  AppsFlyerFramework: ad7ff0d22aa36c7f8cc4f71a5424e19b89ccb8ae
  Atributika: ecedf5259e4aa3c6278d840b6c18d60c1a8b6ca0
  CocoaLumberjack: 6a459bc897d6d80bd1b8c78482ec7ad05dffc3f0
  CombineExt: c4daa97ef75754d8ef319bd79edeef82652f3eea
  COSTouchVisualizer: a398089327a6c02897823614d7447ccc97198997
  DGCharts: 65cb3d706cd39bafb3d7f40488e0270e74a8375e
  Differ: 3b6bd78e2b20cc795d9a86f7641d087524e4273e
  DrawerMenu: f6ca91901e2b21086e3c19bcca278d3d3127e85f
  EasyTipView: a92b6edc377b81c5ac18e9fd35d5ee78e9409488
  EFQRCode: 3d3cb93a31339639b244f6d4da151099ef4d9e6e
  Firebase: 374a441a91ead896215703a674d58cdb3e9d772b
  FirebaseABTesting: 663ece168d2d65a31f71603d71937e326020a887
  FirebaseAnalytics: 7114c698cac995602e3b1b96663473e50d54d6e7
  FirebaseCore: 48b0dd707581cf9c1a1220da68223fb0a562afaa
  FirebaseCoreExtension: 2d77d6430c16cf43ca2b04608302ed02b3598361
  FirebaseCoreInternal: d98ab91e2d80a56d7b246856a8885443b302c0c2
  FirebaseCrashlytics: b21c665fb50138766480bce73ebdb1aa30f7f300
  FirebaseInstallations: efc0946fc756e4d22d8113f7c761948120322e8c
  FirebaseMessaging: e1aca1fcc23e8b9eddb0e33f375ff90944623021
  FirebasePerformance: eede3a4db492e4cc0e094cdc71a83896e948fea3
  FirebaseRemoteConfig: ee5161282c4e857ad81c0197cd8baec9d5dfef0e
  FirebaseRemoteConfigInterop: e75e348953352a000331eb77caf01e424248e176
  FirebaseSessions: 9529d14180868e29a8da164b3a729c036204918b
  FirebaseSharedSwift: a4e5dfca3e210633bb3a3dfb94176c019211948b
  FloatingPanel: c88e3fd981b7a74121ff48746fb14d496f5fd553
  GoogleAppMeasurement: 6a9e6317b6a6d810ad03d4a66564ca6c4c5818a3
  GoogleDataTransport: aae35b7ea0c09004c3797d53c8c41f66f219d6a7
  GoogleToolboxForMac: d0a675de27cb3e7fbf157925680ac8421d86c257
  GoogleUtilities: 26a3abef001b6533cf678d3eb38fd3f614b7872d
  GTMSessionFetcher: 923b710231ad3d6f3f0495ac1ced35421e07d9a6
  HMSegmentedControl: 34c1f54d822d8308e7b24f5d901ec674dfa31352
  iCarousel: d782f635afac190c49bb8ee455882284cff8b85f
  JTCalendar: 1b326e0d59dd1855b52c5f3feb059d2ff953805d
  KVOController: d72ace34afea42468329623b3379ab3cd1d286b6
  libPhoneNumber-iOS: 0a32a9525cf8744fe02c5206eb30d571e38f7d75
  MaterialActivityIndicator: 5061a52fadf7d22533734f2d34806311331bc424
  nanopb: fad817b59e0457d11a5dfbde799381cd727c1275
  NVActivityIndicatorView: fe52a6a68664c2df8991d7d9e3d86d8d19453c53
  PanModal: 3e16ead1a907fb06f4df3f13492fd00149fa4974
  pop: d582054913807fd11fd50bfe6a539d91c7e1a55a
  Popovers: 8690b055b2c9ef433492b40e081b1a0be5859437
  PromisesObjC: f5707f49cb48b9636751c5b2e7d227e43fba9f47
  PromisesSwift: 9d77319bbe72ebf6d872900551f7eeba9bce2851
  RDHCollectionViewGridLayout: 4b4229212ed8c136aa70101d92ecd43742ca62b6
  ReachabilitySwift: 32793e867593cfc1177f5d16491e3a197d2fccda
  SDWebImage: 73c6079366fea25fa4bb9640d5fb58f0893facd8
  SDWebImageSVGCoder: 8e10c8f6cc879c7dfb317b284e13dd589379f01c
  SDWebImageSwiftUI: a6d7129fb68fc18c8b930b869ddcfce314e49ded
  SimpleKeychain: 8193a9e40967eccac933c1fde82de46c07a5ae26
  SnapKit: d612e99e678a2d3b95bf60b0705ed0a35c03484a
  Statsig: 970abcd107e8e64bb68f6b8504a94c39d7f9e318
  SVGKit: 1ad7513f8c74d9652f94ed64ddecda1a23864dea
  Validator: 80a6f567220c962dfd2d9928ae98a8c1d164f6f4
  ZSWTappableLabel: 92f11d677bb395a8294df48482316c4981783ca0

PODFILE CHECKSUM: f46f6b34a7953cbfc14e8e9cd4f05bfebe66bf20

COCOAPODS: 1.15.2
