// !$*UTF8*$!
{
	archiveVersion = 1;
	classes = {
	};
	objectVersion = 56;
	objects = {

/* Begin PBXBuildFile section */
		2795C8922C53FF8B00155009 /* StatsigInjections.swift in Sources */ = {isa = PBXBuildFile; fileRef = 2795C8912C53FF8B00155009 /* StatsigInjections.swift */; };
		41594E9E5B027E2DD01CE0F6 /* Pods_iOS_StatsigInjections.framework in Frameworks */ = {isa = PBXBuildFile; fileRef = 4EB4100B42990F76B4963A47 /* Pods_iOS_StatsigInjections.framework */; };
/* End PBXBuildFile section */

/* Begin PBXContainerItemProxy section */
		27E4ECA02C540AE900E4F87C /* PBXContainerItemProxy */ = {
			isa = PBXContainerItemProxy;
			containerPortal = 27E4EC982C540AE900E4F87C /* Utilities.xcodeproj */;
			proxyType = 2;
			remoteGlobalIDString = 31E65AB9216BC9C9008ABEE9;
			remoteInfo = Utilities;
		};
		27E4ECA22C540AE900E4F87C /* PBXContainerItemProxy */ = {
			isa = PBXContainerItemProxy;
			containerPortal = 27E4EC982C540AE900E4F87C /* Utilities.xcodeproj */;
			proxyType = 2;
			remoteGlobalIDString = 3196823721B791CF00AE0F28;
			remoteInfo = UtilitiesAppleWatch;
		};
		27E4ECA42C540AE900E4F87C /* PBXContainerItemProxy */ = {
			isa = PBXContainerItemProxy;
			containerPortal = 27E4EC982C540AE900E4F87C /* Utilities.xcodeproj */;
			proxyType = 2;
			remoteGlobalIDString = 313A536521B9805F00A92D62;
			remoteInfo = UtilitiesAppleTV;
		};
		27E4ECA62C540AE900E4F87C /* PBXContainerItemProxy */ = {
			isa = PBXContainerItemProxy;
			containerPortal = 27E4EC982C540AE900E4F87C /* Utilities.xcodeproj */;
			proxyType = 2;
			remoteGlobalIDString = 31E65AC2216BC9C9008ABEE9;
			remoteInfo = UtilitiesTests;
		};
		27E4ECA82C540AE900E4F87C /* PBXContainerItemProxy */ = {
			isa = PBXContainerItemProxy;
			containerPortal = 27E4EC982C540AE900E4F87C /* Utilities.xcodeproj */;
			proxyType = 2;
			remoteGlobalIDString = 313A536D21B9805F00A92D62;
			remoteInfo = UtilitiesAppleTVTests;
		};
		27E4ECAA2C540AF500E4F87C /* PBXContainerItemProxy */ = {
			isa = PBXContainerItemProxy;
			containerPortal = 27E4EC982C540AE900E4F87C /* Utilities.xcodeproj */;
			proxyType = 1;
			remoteGlobalIDString = 31E65AB8216BC9C9008ABEE9;
			remoteInfo = Utilities;
		};
/* End PBXContainerItemProxy section */

/* Begin PBXCopyFilesBuildPhase section */
		2795C88C2C53FF8B00155009 /* CopyFiles */ = {
			isa = PBXCopyFilesBuildPhase;
			buildActionMask = 2147483647;
			dstPath = "include/$(PRODUCT_NAME)";
			dstSubfolderSpec = 16;
			files = (
			);
			runOnlyForDeploymentPostprocessing = 0;
		};
/* End PBXCopyFilesBuildPhase section */

/* Begin PBXFileReference section */
		2795C88E2C53FF8B00155009 /* libStatsigInjections.a */ = {isa = PBXFileReference; explicitFileType = archive.ar; includeInIndex = 0; path = libStatsigInjections.a; sourceTree = BUILT_PRODUCTS_DIR; };
		2795C8912C53FF8B00155009 /* StatsigInjections.swift */ = {isa = PBXFileReference; lastKnownFileType = sourcecode.swift; path = StatsigInjections.swift; sourceTree = "<group>"; };
		27E4EC982C540AE900E4F87C /* Utilities.xcodeproj */ = {isa = PBXFileReference; lastKnownFileType = "wrapper.pb-project"; name = Utilities.xcodeproj; path = ../Utilities/Utilities.xcodeproj; sourceTree = "<group>"; };
		4EB4100B42990F76B4963A47 /* Pods_iOS_StatsigInjections.framework */ = {isa = PBXFileReference; explicitFileType = wrapper.framework; includeInIndex = 0; path = Pods_iOS_StatsigInjections.framework; sourceTree = BUILT_PRODUCTS_DIR; };
		77234A743052758A3A3902A8 /* Pods-iOS-StatsigInjections.debug.xcconfig */ = {isa = PBXFileReference; includeInIndex = 1; lastKnownFileType = text.xcconfig; name = "Pods-iOS-StatsigInjections.debug.xcconfig"; path = "Target Support Files/Pods-iOS-StatsigInjections/Pods-iOS-StatsigInjections.debug.xcconfig"; sourceTree = "<group>"; };
		D0DC92405F45F1BEA1A1791D /* Pods-iOS-StatsigInjections.release.xcconfig */ = {isa = PBXFileReference; includeInIndex = 1; lastKnownFileType = text.xcconfig; name = "Pods-iOS-StatsigInjections.release.xcconfig"; path = "Target Support Files/Pods-iOS-StatsigInjections/Pods-iOS-StatsigInjections.release.xcconfig"; sourceTree = "<group>"; };
/* End PBXFileReference section */

/* Begin PBXFrameworksBuildPhase section */
		2795C88B2C53FF8B00155009 /* Frameworks */ = {
			isa = PBXFrameworksBuildPhase;
			buildActionMask = 2147483647;
			files = (
				41594E9E5B027E2DD01CE0F6 /* Pods_iOS_StatsigInjections.framework in Frameworks */,
			);
			runOnlyForDeploymentPostprocessing = 0;
		};
/* End PBXFrameworksBuildPhase section */

/* Begin PBXGroup section */
		2795C8852C53FF8B00155009 = {
			isa = PBXGroup;
			children = (
				27E4EC982C540AE900E4F87C /* Utilities.xcodeproj */,
				2795C8902C53FF8B00155009 /* StatsigInjections */,
				2795C88F2C53FF8B00155009 /* Products */,
				5E0B9EAD298663F7C5AD6891 /* Pods */,
				EF76442BC01983DDC42F71C3 /* Frameworks */,
			);
			sourceTree = "<group>";
		};
		2795C88F2C53FF8B00155009 /* Products */ = {
			isa = PBXGroup;
			children = (
				2795C88E2C53FF8B00155009 /* libStatsigInjections.a */,
			);
			name = Products;
			sourceTree = "<group>";
		};
		2795C8902C53FF8B00155009 /* StatsigInjections */ = {
			isa = PBXGroup;
			children = (
				2795C8912C53FF8B00155009 /* StatsigInjections.swift */,
			);
			path = StatsigInjections;
			sourceTree = "<group>";
		};
		27E4EC992C540AE900E4F87C /* Products */ = {
			isa = PBXGroup;
			children = (
				27E4ECA12C540AE900E4F87C /* Utilities.framework */,
				27E4ECA32C540AE900E4F87C /* Utilities.framework */,
				27E4ECA52C540AE900E4F87C /* Utilities.framework */,
				27E4ECA72C540AE900E4F87C /* UtilitiesTests.xctest */,
				27E4ECA92C540AE900E4F87C /* UtilitiesAppleTVTests.xctest */,
			);
			name = Products;
			sourceTree = "<group>";
		};
		5E0B9EAD298663F7C5AD6891 /* Pods */ = {
			isa = PBXGroup;
			children = (
				77234A743052758A3A3902A8 /* Pods-iOS-StatsigInjections.debug.xcconfig */,
				D0DC92405F45F1BEA1A1791D /* Pods-iOS-StatsigInjections.release.xcconfig */,
			);
			name = Pods;
			path = ../dydx/Pods;
			sourceTree = "<group>";
		};
		EF76442BC01983DDC42F71C3 /* Frameworks */ = {
			isa = PBXGroup;
			children = (
				4EB4100B42990F76B4963A47 /* Pods_iOS_StatsigInjections.framework */,
			);
			name = Frameworks;
			sourceTree = "<group>";
		};
/* End PBXGroup section */

/* Begin PBXNativeTarget section */
		2795C88D2C53FF8B00155009 /* StatsigInjections */ = {
			isa = PBXNativeTarget;
			buildConfigurationList = 2795C8952C53FF8B00155009 /* Build configuration list for PBXNativeTarget "StatsigInjections" */;
			buildPhases = (
				B89343A163A6D5685D0D5500 /* [CP] Check Pods Manifest.lock */,
				2795C88A2C53FF8B00155009 /* Sources */,
				2795C88B2C53FF8B00155009 /* Frameworks */,
				2795C88C2C53FF8B00155009 /* CopyFiles */,
			);
			buildRules = (
			);
			dependencies = (
				27E4ECAB2C540AF500E4F87C /* PBXTargetDependency */,
			);
			name = StatsigInjections;
			productName = StatsigInjections;
			productReference = 2795C88E2C53FF8B00155009 /* libStatsigInjections.a */;
			productType = "com.apple.product-type.library.static";
		};
/* End PBXNativeTarget section */

/* Begin PBXProject section */
		2795C8862C53FF8B00155009 /* Project object */ = {
			isa = PBXProject;
			attributes = {
				BuildIndependentTargetsInParallel = 1;
				LastSwiftUpdateCheck = 1540;
				LastUpgradeCheck = 1540;
				TargetAttributes = {
					2795C88D2C53FF8B00155009 = {
						CreatedOnToolsVersion = 15.4;
					};
				};
			};
			buildConfigurationList = 2795C8892C53FF8B00155009 /* Build configuration list for PBXProject "StatsigInjections" */;
			compatibilityVersion = "Xcode 14.0";
			developmentRegion = en;
			hasScannedForEncodings = 0;
			knownRegions = (
				en,
				Base,
			);
			mainGroup = 2795C8852C53FF8B00155009;
			productRefGroup = 2795C88F2C53FF8B00155009 /* Products */;
			projectDirPath = "";
			projectReferences = (
				{
					ProductGroup = 27E4EC992C540AE900E4F87C /* Products */;
					ProjectRef = 27E4EC982C540AE900E4F87C /* Utilities.xcodeproj */;
				},
			);
			projectRoot = "";
			targets = (
				2795C88D2C53FF8B00155009 /* StatsigInjections */,
			);
		};
/* End PBXProject section */

/* Begin PBXReferenceProxy section */
		27E4ECA12C540AE900E4F87C /* Utilities.framework */ = {
			isa = PBXReferenceProxy;
			fileType = wrapper.framework;
			path = Utilities.framework;
			remoteRef = 27E4ECA02C540AE900E4F87C /* PBXContainerItemProxy */;
			sourceTree = BUILT_PRODUCTS_DIR;
		};
		27E4ECA32C540AE900E4F87C /* Utilities.framework */ = {
			isa = PBXReferenceProxy;
			fileType = wrapper.framework;
			path = Utilities.framework;
			remoteRef = 27E4ECA22C540AE900E4F87C /* PBXContainerItemProxy */;
			sourceTree = BUILT_PRODUCTS_DIR;
		};
		27E4ECA52C540AE900E4F87C /* Utilities.framework */ = {
			isa = PBXReferenceProxy;
			fileType = wrapper.framework;
			path = Utilities.framework;
			remoteRef = 27E4ECA42C540AE900E4F87C /* PBXContainerItemProxy */;
			sourceTree = BUILT_PRODUCTS_DIR;
		};
		27E4ECA72C540AE900E4F87C /* UtilitiesTests.xctest */ = {
			isa = PBXReferenceProxy;
			fileType = wrapper.cfbundle;
			path = UtilitiesTests.xctest;
			remoteRef = 27E4ECA62C540AE900E4F87C /* PBXContainerItemProxy */;
			sourceTree = BUILT_PRODUCTS_DIR;
		};
		27E4ECA92C540AE900E4F87C /* UtilitiesAppleTVTests.xctest */ = {
			isa = PBXReferenceProxy;
			fileType = wrapper.cfbundle;
			path = UtilitiesAppleTVTests.xctest;
			remoteRef = 27E4ECA82C540AE900E4F87C /* PBXContainerItemProxy */;
			sourceTree = BUILT_PRODUCTS_DIR;
		};
/* End PBXReferenceProxy section */

/* Begin PBXShellScriptBuildPhase section */
		B89343A163A6D5685D0D5500 /* [CP] Check Pods Manifest.lock */ = {
			isa = PBXShellScriptBuildPhase;
			buildActionMask = 2147483647;
			files = (
			);
			inputFileListPaths = (
			);
			inputPaths = (
				"${PODS_PODFILE_DIR_PATH}/Podfile.lock",
				"${PODS_ROOT}/Manifest.lock",
			);
			name = "[CP] Check Pods Manifest.lock";
			outputFileListPaths = (
			);
			outputPaths = (
				"$(DERIVED_FILE_DIR)/Pods-iOS-StatsigInjections-checkManifestLockResult.txt",
			);
			runOnlyForDeploymentPostprocessing = 0;
			shellPath = /bin/sh;
			shellScript = "diff \"${PODS_PODFILE_DIR_PATH}/Podfile.lock\" \"${PODS_ROOT}/Manifest.lock\" > /dev/null\nif [ $? != 0 ] ; then\n    # print error to STDERR\n    echo \"error: The sandbox is not in sync with the Podfile.lock. Run 'pod install' or update your CocoaPods installation.\" >&2\n    exit 1\nfi\n# This output is used by Xcode 'outputs' to avoid re-running this script phase.\necho \"SUCCESS\" > \"${SCRIPT_OUTPUT_FILE_0}\"\n";
			showEnvVarsInLog = 0;
		};
/* End PBXShellScriptBuildPhase section */

/* Begin PBXSourcesBuildPhase section */
		2795C88A2C53FF8B00155009 /* Sources */ = {
			isa = PBXSourcesBuildPhase;
			buildActionMask = 2147483647;
			files = (
				2795C8922C53FF8B00155009 /* StatsigInjections.swift in Sources */,
			);
			runOnlyForDeploymentPostprocessing = 0;
		};
/* End PBXSourcesBuildPhase section */

/* Begin PBXTargetDependency section */
		27E4ECAB2C540AF500E4F87C /* PBXTargetDependency */ = {
			isa = PBXTargetDependency;
			name = Utilities;
			targetProxy = 27E4ECAA2C540AF500E4F87C /* PBXContainerItemProxy */;
		};
/* End PBXTargetDependency section */

/* Begin XCBuildConfiguration section */
		2795C8932C53FF8B00155009 /* Debug */ = {
			isa = XCBuildConfiguration;
			buildSettings = {
				ALWAYS_SEARCH_USER_PATHS = NO;
				ASSETCATALOG_COMPILER_GENERATE_SWIFT_ASSET_SYMBOL_EXTENSIONS = YES;
				CLANG_ANALYZER_NONNULL = YES;
				CLANG_ANALYZER_NUMBER_OBJECT_CONVERSION = YES_AGGRESSIVE;
				CLANG_CXX_LANGUAGE_STANDARD = "gnu++20";
				CLANG_ENABLE_MODULES = YES;
				CLANG_ENABLE_OBJC_ARC = YES;
				CLANG_ENABLE_OBJC_WEAK = YES;
				CLANG_WARN_BLOCK_CAPTURE_AUTORELEASING = YES;
				CLANG_WARN_BOOL_CONVERSION = YES;
				CLANG_WARN_COMMA = YES;
				CLANG_WARN_CONSTANT_CONVERSION = YES;
				CLANG_WARN_DEPRECATED_OBJC_IMPLEMENTATIONS = YES;
				CLANG_WARN_DIRECT_OBJC_ISA_USAGE = YES_ERROR;
				CLANG_WARN_DOCUMENTATION_COMMENTS = YES;
				CLANG_WARN_EMPTY_BODY = YES;
				CLANG_WARN_ENUM_CONVERSION = YES;
				CLANG_WARN_INFINITE_RECURSION = YES;
				CLANG_WARN_INT_CONVERSION = YES;
				CLANG_WARN_NON_LITERAL_NULL_CONVERSION = YES;
				CLANG_WARN_OBJC_IMPLICIT_RETAIN_SELF = YES;
				CLANG_WARN_OBJC_LITERAL_CONVERSION = YES;
				CLANG_WARN_OBJC_ROOT_CLASS = YES_ERROR;
				CLANG_WARN_QUOTED_INCLUDE_IN_FRAMEWORK_HEADER = YES;
				CLANG_WARN_RANGE_LOOP_ANALYSIS = YES;
				CLANG_WARN_STRICT_PROTOTYPES = YES;
				CLANG_WARN_SUSPICIOUS_MOVE = YES;
				CLANG_WARN_UNGUARDED_AVAILABILITY = YES_AGGRESSIVE;
				CLANG_WARN_UNREACHABLE_CODE = YES;
				CLANG_WARN__DUPLICATE_METHOD_MATCH = YES;
				COPY_PHASE_STRIP = NO;
				DEBUG_INFORMATION_FORMAT = dwarf;
				ENABLE_STRICT_OBJC_MSGSEND = YES;
				ENABLE_TESTABILITY = YES;
				ENABLE_USER_SCRIPT_SANDBOXING = YES;
				GCC_C_LANGUAGE_STANDARD = gnu17;
				GCC_DYNAMIC_NO_PIC = NO;
				GCC_NO_COMMON_BLOCKS = YES;
				GCC_OPTIMIZATION_LEVEL = 0;
				GCC_PREPROCESSOR_DEFINITIONS = (
					"DEBUG=1",
					"$(inherited)",
				);
				GCC_WARN_64_TO_32_BIT_CONVERSION = YES;
				GCC_WARN_ABOUT_RETURN_TYPE = YES_ERROR;
				GCC_WARN_UNDECLARED_SELECTOR = YES;
				GCC_WARN_UNINITIALIZED_AUTOS = YES_AGGRESSIVE;
				GCC_WARN_UNUSED_FUNCTION = YES;
				GCC_WARN_UNUSED_VARIABLE = YES;
				IPHONEOS_DEPLOYMENT_TARGET = 16.0;
				LOCALIZATION_PREFERS_STRING_CATALOGS = YES;
				MTL_ENABLE_DEBUG_INFO = INCLUDE_SOURCE;
				MTL_FAST_MATH = YES;
				ONLY_ACTIVE_ARCH = YES;
				SDKROOT = iphoneos;
				SWIFT_ACTIVE_COMPILATION_CONDITIONS = "DEBUG $(inherited)";
				SWIFT_OPTIMIZATION_LEVEL = "-Onone";
			};
			name = Debug;
		};
		2795C8942C53FF8B00155009 /* Release */ = {
			isa = XCBuildConfiguration;
			buildSettings = {
				ALWAYS_SEARCH_USER_PATHS = NO;
				ASSETCATALOG_COMPILER_GENERATE_SWIFT_ASSET_SYMBOL_EXTENSIONS = YES;
				CLANG_ANALYZER_NONNULL = YES;
				CLANG_ANALYZER_NUMBER_OBJECT_CONVERSION = YES_AGGRESSIVE;
				CLANG_CXX_LANGUAGE_STANDARD = "gnu++20";
				CLANG_ENABLE_MODULES = YES;
				CLANG_ENABLE_OBJC_ARC = YES;
				CLANG_ENABLE_OBJC_WEAK = YES;
				CLANG_WARN_BLOCK_CAPTURE_AUTORELEASING = YES;
				CLANG_WARN_BOOL_CONVERSION = YES;
				CLANG_WARN_COMMA = YES;
				CLANG_WARN_CONSTANT_CONVERSION = YES;
				CLANG_WARN_DEPRECATED_OBJC_IMPLEMENTATIONS = YES;
				CLANG_WARN_DIRECT_OBJC_ISA_USAGE = YES_ERROR;
				CLANG_WARN_DOCUMENTATION_COMMENTS = YES;
				CLANG_WARN_EMPTY_BODY = YES;
				CLANG_WARN_ENUM_CONVERSION = YES;
				CLANG_WARN_INFINITE_RECURSION = YES;
				CLANG_WARN_INT_CONVERSION = YES;
				CLANG_WARN_NON_LITERAL_NULL_CONVERSION = YES;
				CLANG_WARN_OBJC_IMPLICIT_RETAIN_SELF = YES;
				CLANG_WARN_OBJC_LITERAL_CONVERSION = YES;
				CLANG_WARN_OBJC_ROOT_CLASS = YES_ERROR;
				CLANG_WARN_QUOTED_INCLUDE_IN_FRAMEWORK_HEADER = YES;
				CLANG_WARN_RANGE_LOOP_ANALYSIS = YES;
				CLANG_WARN_STRICT_PROTOTYPES = YES;
				CLANG_WARN_SUSPICIOUS_MOVE = YES;
				CLANG_WARN_UNGUARDED_AVAILABILITY = YES_AGGRESSIVE;
				CLANG_WARN_UNREACHABLE_CODE = YES;
				CLANG_WARN__DUPLICATE_METHOD_MATCH = YES;
				COPY_PHASE_STRIP = NO;
				DEBUG_INFORMATION_FORMAT = "dwarf-with-dsym";
				ENABLE_NS_ASSERTIONS = NO;
				ENABLE_STRICT_OBJC_MSGSEND = YES;
				ENABLE_USER_SCRIPT_SANDBOXING = YES;
				GCC_C_LANGUAGE_STANDARD = gnu17;
				GCC_NO_COMMON_BLOCKS = YES;
				GCC_WARN_64_TO_32_BIT_CONVERSION = YES;
				GCC_WARN_ABOUT_RETURN_TYPE = YES_ERROR;
				GCC_WARN_UNDECLARED_SELECTOR = YES;
				GCC_WARN_UNINITIALIZED_AUTOS = YES_AGGRESSIVE;
				GCC_WARN_UNUSED_FUNCTION = YES;
				GCC_WARN_UNUSED_VARIABLE = YES;
				IPHONEOS_DEPLOYMENT_TARGET = 16.0;
				LOCALIZATION_PREFERS_STRING_CATALOGS = YES;
				MTL_ENABLE_DEBUG_INFO = NO;
				MTL_FAST_MATH = YES;
				SDKROOT = iphoneos;
				SWIFT_COMPILATION_MODE = wholemodule;
				VALIDATE_PRODUCT = YES;
			};
			name = Release;
		};
		2795C8962C53FF8B00155009 /* Debug */ = {
			isa = XCBuildConfiguration;
			baseConfigurationReference = 77234A743052758A3A3902A8 /* Pods-iOS-StatsigInjections.debug.xcconfig */;
			buildSettings = {
				CODE_SIGN_STYLE = Automatic;
				DEVELOPMENT_TEAM = 75C6UARB5H;
				OTHER_LDFLAGS = "-ObjC";
				PRODUCT_NAME = "$(TARGET_NAME)";
				SKIP_INSTALL = YES;
				SWIFT_VERSION = 5.0;
				TARGETED_DEVICE_FAMILY = "1,2";
			};
			name = Debug;
		};
		2795C8972C53FF8B00155009 /* Release */ = {
			isa = XCBuildConfiguration;
			baseConfigurationReference = D0DC92405F45F1BEA1A1791D /* Pods-iOS-StatsigInjections.release.xcconfig */;
			buildSettings = {
				CODE_SIGN_STYLE = Automatic;
				DEVELOPMENT_TEAM = 75C6UARB5H;
				OTHER_LDFLAGS = "-ObjC";
				PRODUCT_NAME = "$(TARGET_NAME)";
				SKIP_INSTALL = YES;
				SWIFT_VERSION = 5.0;
				TARGETED_DEVICE_FAMILY = "1,2";
			};
			name = Release;
		};
/* End XCBuildConfiguration section */

/* Begin XCConfigurationList section */
		2795C8892C53FF8B00155009 /* Build configuration list for PBXProject "StatsigInjections" */ = {
			isa = XCConfigurationList;
			buildConfigurations = (
				2795C8932C53FF8B00155009 /* Debug */,
				2795C8942C53FF8B00155009 /* Release */,
			);
			defaultConfigurationIsVisible = 0;
			defaultConfigurationName = Release;
		};
		2795C8952C53FF8B00155009 /* Build configuration list for PBXNativeTarget "StatsigInjections" */ = {
			isa = XCConfigurationList;
			buildConfigurations = (
				2795C8962C53FF8B00155009 /* Debug */,
				2795C8972C53FF8B00155009 /* Release */,
			);
			defaultConfigurationIsVisible = 0;
			defaultConfigurationName = Release;
		};
/* End XCConfigurationList section */
	};
	rootObject = 2795C8862C53FF8B00155009 /* Project object */;
}
