// !$*UTF8*$!
{
	archiveVersion = 1;
	classes = {
	};
	objectVersion = 77;
	objects = {

/* Begin PBXBuildFile section */
		0226DE942DA9B39C009243C7 /* MoonPaySdk in Frameworks */ = {isa = PBXBuildFile; productRef = 0226DE932DA9B39C009243C7 /* MoonPaySdk */; };
		0226DEAF2DA9B8B6009243C7 /* Utilities.framework in Frameworks */ = {isa = PBXBuildFile; fileRef = 0226DEA62DA9B8A6009243C7 /* Utilities.framework */; platformFilter = ios; };
		02D413252E7B484C00329B29 /* ParticlesKit.framework in Frameworks */ = {isa = PBXBuildFile; fileRef = 02D4131C2E7B483E00329B29 /* ParticlesKit.framework */; platformFilter = ios; };
		0BDC326586203D3236DB2D19 /* Pods_iOS_dydxFiatRamp.framework in Frameworks */ = {isa = PBXBuildFile; fileRef = C8BBED2F072E5BF3DF211FDD /* Pods_iOS_dydxFiatRamp.framework */; };
/* End PBXBuildFile section */

/* Begin PBXContainerItemProxy section */
		0226DE9E2DA9B8A6009243C7 /* PBXContainerItemProxy */ = {
			isa = PBXContainerItemProxy;
			containerPortal = 0226DE9B2DA9B8A6009243C7 /* Utilities.xcodeproj */;
			proxyType = 1;
			remoteGlobalIDString = 31E65AB8216BC9C9008ABEE9;
			remoteInfo = Utilities;
		};
		0226DEA52DA9B8A6009243C7 /* PBXContainerItemProxy */ = {
			isa = PBXContainerItemProxy;
			containerPortal = 0226DE9B2DA9B8A6009243C7 /* Utilities.xcodeproj */;
			proxyType = 2;
			remoteGlobalIDString = 31E65AB9216BC9C9008ABEE9;
			remoteInfo = Utilities;
		};
		02D413142E7B483D00329B29 /* PBXContainerItemProxy */ = {
			isa = PBXContainerItemProxy;
			containerPortal = 02D413112E7B483D00329B29 /* ParticlesKit.xcodeproj */;
			proxyType = 1;
			remoteGlobalIDString = 311C0FD921B0E9C4001775BA;
			remoteInfo = ParticlesKit;
		};
		02D4131B2E7B483E00329B29 /* PBXContainerItemProxy */ = {
			isa = PBXContainerItemProxy;
			containerPortal = 02D413112E7B483D00329B29 /* ParticlesKit.xcodeproj */;
			proxyType = 2;
			remoteGlobalIDString = 311C0FDA21B0E9C4001775BA;
			remoteInfo = ParticlesKit;
		};
/* End PBXContainerItemProxy section */

/* Begin PBXFileReference section */
		0226DD6A2DA9B235009243C7 /* dydxFiatRamp.framework */ = {isa = PBXFileReference; explicitFileType = wrapper.framework; includeInIndex = 0; path = dydxFiatRamp.framework; sourceTree = BUILT_PRODUCTS_DIR; };
		0226DE9B2DA9B8A6009243C7 /* Utilities.xcodeproj */ = {isa = PBXFileReference; lastKnownFileType = "wrapper.pb-project"; name = Utilities.xcodeproj; path = "/Users/ruihuang/v4-native-ios/Utilities/Utilities.xcodeproj"; sourceTree = "<absolute>"; };
		02897FCCC1203AED7E8244B3 /* Pods-iOS-dydxFiatRamp.debug.xcconfig */ = {isa = PBXFileReference; includeInIndex = 1; lastKnownFileType = text.xcconfig; name = "Pods-iOS-dydxFiatRamp.debug.xcconfig"; path = "Target Support Files/Pods-iOS-dydxFiatRamp/Pods-iOS-dydxFiatRamp.debug.xcconfig"; sourceTree = "<group>"; };
		02D413112E7B483D00329B29 /* ParticlesKit.xcodeproj */ = {isa = PBXFileReference; lastKnownFileType = "wrapper.pb-project"; name = ParticlesKit.xcodeproj; path = "/Users/ruihuang/v4-native-ios/ParticlesKit/ParticlesKit.xcodeproj"; sourceTree = "<absolute>"; };
		5AE7643649BF02BBA4F88CEA /* Pods-iOS-dydxFiatRamp.release.xcconfig */ = {isa = PBXFileReference; includeInIndex = 1; lastKnownFileType = text.xcconfig; name = "Pods-iOS-dydxFiatRamp.release.xcconfig"; path = "Target Support Files/Pods-iOS-dydxFiatRamp/Pods-iOS-dydxFiatRamp.release.xcconfig"; sourceTree = "<group>"; };
		C8BBED2F072E5BF3DF211FDD /* Pods_iOS_dydxFiatRamp.framework */ = {isa = PBXFileReference; explicitFileType = wrapper.framework; includeInIndex = 0; path = Pods_iOS_dydxFiatRamp.framework; sourceTree = BUILT_PRODUCTS_DIR; };
/* End PBXFileReference section */

/* Begin PBXFileSystemSynchronizedRootGroup section */
		0226DD6C2DA9B235009243C7 /* dydxFiatRamp */ = {
			isa = PBXFileSystemSynchronizedRootGroup;
			path = dydxFiatRamp;
			sourceTree = "<group>";
		};
/* End PBXFileSystemSynchronizedRootGroup section */

/* Begin PBXFrameworksBuildPhase section */
		0226DD672DA9B235009243C7 /* Frameworks */ = {
			isa = PBXFrameworksBuildPhase;
			buildActionMask = 2147483647;
			files = (
				02D413252E7B484C00329B29 /* ParticlesKit.framework in Frameworks */,
				0226DEAF2DA9B8B6009243C7 /* Utilities.framework in Frameworks */,
				0BDC326586203D3236DB2D19 /* Pods_iOS_dydxFiatRamp.framework in Frameworks */,
				0226DE942DA9B39C009243C7 /* MoonPaySdk in Frameworks */,
			);
			runOnlyForDeploymentPostprocessing = 0;
		};
/* End PBXFrameworksBuildPhase section */

/* Begin PBXGroup section */
		0226DD602DA9B235009243C7 = {
			isa = PBXGroup;
			children = (
				02D413112E7B483D00329B29 /* ParticlesKit.xcodeproj */,
				0226DE9B2DA9B8A6009243C7 /* Utilities.xcodeproj */,
				0226DD6C2DA9B235009243C7 /* dydxFiatRamp */,
				0226DD6B2DA9B235009243C7 /* Products */,
				8DC077F6172291FD6C91E9EB /* Pods */,
				6A346609A73C975ED9A156CC /* Frameworks */,
			);
			sourceTree = "<group>";
		};
		0226DD6B2DA9B235009243C7 /* Products */ = {
			isa = PBXGroup;
			children = (
				0226DD6A2DA9B235009243C7 /* dydxFiatRamp.framework */,
			);
			name = Products;
			sourceTree = "<group>";
		};
		0226DE9C2DA9B8A6009243C7 /* Products */ = {
			isa = PBXGroup;
			children = (
				0226DEA62DA9B8A6009243C7 /* Utilities.framework */,
			);
			name = Products;
			sourceTree = "<group>";
		};
		02D413122E7B483D00329B29 /* Products */ = {
			isa = PBXGroup;
			children = (
				02D4131C2E7B483E00329B29 /* ParticlesKit.framework */,
			);
			name = Products;
			sourceTree = "<group>";
		};
		6A346609A73C975ED9A156CC /* Frameworks */ = {
			isa = PBXGroup;
			children = (
				C8BBED2F072E5BF3DF211FDD /* Pods_iOS_dydxFiatRamp.framework */,
			);
			name = Frameworks;
			sourceTree = "<group>";
		};
		8DC077F6172291FD6C91E9EB /* Pods */ = {
			isa = PBXGroup;
			children = (
				02897FCCC1203AED7E8244B3 /* Pods-iOS-dydxFiatRamp.debug.xcconfig */,
				5AE7643649BF02BBA4F88CEA /* Pods-iOS-dydxFiatRamp.release.xcconfig */,
			);
			name = Pods;
			path = ../Pods;
			sourceTree = "<group>";
		};
/* End PBXGroup section */

/* Begin PBXHeadersBuildPhase section */
		0226DD652DA9B235009243C7 /* Headers */ = {
			isa = PBXHeadersBuildPhase;
			buildActionMask = 2147483647;
			files = (
			);
			runOnlyForDeploymentPostprocessing = 0;
		};
/* End PBXHeadersBuildPhase section */

/* Begin PBXNativeTarget section */
		0226DD692DA9B235009243C7 /* dydxFiatRamp */ = {
			isa = PBXNativeTarget;
			buildConfigurationList = 0226DD712DA9B235009243C7 /* Build configuration list for PBXNativeTarget "dydxFiatRamp" */;
			buildPhases = (
				8611BFDA6E2D3BB65954688F /* [CP] Check Pods Manifest.lock */,
				0226DD652DA9B235009243C7 /* Headers */,
				0226DD662DA9B235009243C7 /* Sources */,
				0226DD672DA9B235009243C7 /* Frameworks */,
				0226DD682DA9B235009243C7 /* Resources */,
			);
			buildRules = (
			);
			dependencies = (
				02D413152E7B483D00329B29 /* PBXTargetDependency */,
				0226DE9F2DA9B8A6009243C7 /* PBXTargetDependency */,
			);
			fileSystemSynchronizedGroups = (
				0226DD6C2DA9B235009243C7 /* dydxFiatRamp */,
			);
			name = dydxFiatRamp;
			productName = dydxFiatRamp;
			productReference = 0226DD6A2DA9B235009243C7 /* dydxFiatRamp.framework */;
			productType = "com.apple.product-type.framework";
		};
/* End PBXNativeTarget section */

/* Begin PBXProject section */
		0226DD612DA9B235009243C7 /* Project object */ = {
			isa = PBXProject;
			attributes = {
				BuildIndependentTargetsInParallel = 1;
				LastSwiftUpdateCheck = 1630;
				LastUpgradeCheck = 1630;
				TargetAttributes = {
					0226DD692DA9B235009243C7 = {
						CreatedOnToolsVersion = 16.3;
					};
				};
			};
			buildConfigurationList = 0226DD642DA9B235009243C7 /* Build configuration list for PBXProject "dydxFiatRamp" */;
			developmentRegion = en;
			hasScannedForEncodings = 0;
			knownRegions = (
				en,
				Base,
			);
			mainGroup = 0226DD602DA9B235009243C7;
			minimizedProjectReferenceProxies = 1;
			packageReferences = (
				0226DE922DA9B39C009243C7 /* XCRemoteSwiftPackageReference "mobile-sdk-ios" */,
			);
			preferredProjectObjectVersion = 77;
			productRefGroup = 0226DD6B2DA9B235009243C7 /* Products */;
			projectDirPath = "";
			projectReferences = (
				{
					ProductGroup = 02D413122E7B483D00329B29 /* Products */;
					ProjectRef = 02D413112E7B483D00329B29 /* ParticlesKit.xcodeproj */;
				},
				{
					ProductGroup = 0226DE9C2DA9B8A6009243C7 /* Products */;
					ProjectRef = 0226DE9B2DA9B8A6009243C7 /* Utilities.xcodeproj */;
				},
			);
			projectRoot = "";
			targets = (
				0226DD692DA9B235009243C7 /* dydxFiatRamp */,
			);
		};
/* End PBXProject section */

/* Begin PBXReferenceProxy section */
		0226DEA62DA9B8A6009243C7 /* Utilities.framework */ = {
			isa = PBXReferenceProxy;
			fileType = wrapper.framework;
			path = Utilities.framework;
			remoteRef = 0226DEA52DA9B8A6009243C7 /* PBXContainerItemProxy */;
			sourceTree = BUILT_PRODUCTS_DIR;
		};
		02D4131C2E7B483E00329B29 /* ParticlesKit.framework */ = {
			isa = PBXReferenceProxy;
			fileType = wrapper.framework;
			path = ParticlesKit.framework;
			remoteRef = 02D4131B2E7B483E00329B29 /* PBXContainerItemProxy */;
			sourceTree = BUILT_PRODUCTS_DIR;
		};
/* End PBXReferenceProxy section */

/* Begin PBXResourcesBuildPhase section */
		0226DD682DA9B235009243C7 /* Resources */ = {
			isa = PBXResourcesBuildPhase;
			buildActionMask = 2147483647;
			files = (
			);
			runOnlyForDeploymentPostprocessing = 0;
		};
/* End PBXResourcesBuildPhase section */

/* Begin PBXShellScriptBuildPhase section */
		8611BFDA6E2D3BB65954688F /* [CP] Check Pods Manifest.lock */ = {
			isa = PBXShellScriptBuildPhase;
			buildActionMask = 2147483647;
			files = (
			);
			inputFileListPaths = (
			);
			inputPaths = (
				"${PODS_PODFILE_DIR_PATH}/Podfile.lock",
				"${PODS_ROOT}/Manifest.lock",
			);
			name = "[CP] Check Pods Manifest.lock";
			outputFileListPaths = (
			);
			outputPaths = (
				"$(DERIVED_FILE_DIR)/Pods-iOS-dydxFiatRamp-checkManifestLockResult.txt",
			);
			runOnlyForDeploymentPostprocessing = 0;
			shellPath = /bin/sh;
			shellScript = "diff \"${PODS_PODFILE_DIR_PATH}/Podfile.lock\" \"${PODS_ROOT}/Manifest.lock\" > /dev/null\nif [ $? != 0 ] ; then\n    # print error to STDERR\n    echo \"error: The sandbox is not in sync with the Podfile.lock. Run 'pod install' or update your CocoaPods installation.\" >&2\n    exit 1\nfi\n# This output is used by Xcode 'outputs' to avoid re-running this script phase.\necho \"SUCCESS\" > \"${SCRIPT_OUTPUT_FILE_0}\"\n";
			showEnvVarsInLog = 0;
		};
/* End PBXShellScriptBuildPhase section */

/* Begin PBXSourcesBuildPhase section */
		0226DD662DA9B235009243C7 /* Sources */ = {
			isa = PBXSourcesBuildPhase;
			buildActionMask = 2147483647;
			files = (
			);
			runOnlyForDeploymentPostprocessing = 0;
		};
/* End PBXSourcesBuildPhase section */

/* Begin PBXTargetDependency section */
		0226DE9F2DA9B8A6009243C7 /* PBXTargetDependency */ = {
			isa = PBXTargetDependency;
			name = Utilities;
			targetProxy = 0226DE9E2DA9B8A6009243C7 /* PBXContainerItemProxy */;
		};
		02D413152E7B483D00329B29 /* PBXTargetDependency */ = {
			isa = PBXTargetDependency;
			name = ParticlesKit;
			targetProxy = 02D413142E7B483D00329B29 /* PBXContainerItemProxy */;
		};
/* End PBXTargetDependency section */

/* Begin XCBuildConfiguration section */
		0226DD6F2DA9B235009243C7 /* Debug */ = {
			isa = XCBuildConfiguration;
			buildSettings = {
				ALWAYS_SEARCH_USER_PATHS = NO;
				ASSETCATALOG_COMPILER_GENERATE_SWIFT_ASSET_SYMBOL_EXTENSIONS = YES;
				CLANG_ANALYZER_NONNULL = YES;
				CLANG_ANALYZER_NUMBER_OBJECT_CONVERSION = YES_AGGRESSIVE;
				CLANG_CXX_LANGUAGE_STANDARD = "c++20";
				CLANG_ENABLE_MODULES = YES;
				CLANG_ENABLE_OBJC_ARC = YES;
				CLANG_ENABLE_OBJC_WEAK = YES;
				CLANG_WARN_BLOCK_CAPTURE_AUTORELEASING = YES;
				CLANG_WARN_BOOL_CONVERSION = YES;
				CLANG_WARN_COMMA = YES;
				CLANG_WARN_CONSTANT_CONVERSION = YES;
				CLANG_WARN_DEPRECATED_OBJC_IMPLEMENTATIONS = YES;
				CLANG_WARN_DIRECT_OBJC_ISA_USAGE = YES_ERROR;
				CLANG_WARN_DOCUMENTATION_COMMENTS = YES;
				CLANG_WARN_EMPTY_BODY = YES;
				CLANG_WARN_ENUM_CONVERSION = YES;
				CLANG_WARN_INFINITE_RECURSION = YES;
				CLANG_WARN_INT_CONVERSION = YES;
				CLANG_WARN_NON_LITERAL_NULL_CONVERSION = YES;
				CLANG_WARN_OBJC_IMPLICIT_RETAIN_SELF = YES;
				CLANG_WARN_OBJC_LITERAL_CONVERSION = YES;
				CLANG_WARN_OBJC_ROOT_CLASS = YES_ERROR;
				CLANG_WARN_QUOTED_INCLUDE_IN_FRAMEWORK_HEADER = YES;
				CLANG_WARN_RANGE_LOOP_ANALYSIS = YES;
				CLANG_WARN_STRICT_PROTOTYPES = YES;
				CLANG_WARN_SUSPICIOUS_MOVE = YES;
				CLANG_WARN_UNGUARDED_AVAILABILITY = YES_AGGRESSIVE;
				CLANG_WARN_UNREACHABLE_CODE = YES;
				CLANG_WARN__DUPLICATE_METHOD_MATCH = YES;
				COPY_PHASE_STRIP = NO;
				CURRENT_PROJECT_VERSION = 1;
				DEBUG_INFORMATION_FORMAT = dwarf;
				DEVELOPMENT_TEAM = 75C6UARB5H;
				ENABLE_STRICT_OBJC_MSGSEND = YES;
				ENABLE_TESTABILITY = YES;
				ENABLE_USER_SCRIPT_SANDBOXING = YES;
				GCC_C_LANGUAGE_STANDARD = gnu17;
				GCC_DYNAMIC_NO_PIC = NO;
				GCC_NO_COMMON_BLOCKS = YES;
				GCC_OPTIMIZATION_LEVEL = 0;
				GCC_PREPROCESSOR_DEFINITIONS = (
					"DEBUG=1",
					"$(inherited)",
				);
				GCC_WARN_64_TO_32_BIT_CONVERSION = YES;
				GCC_WARN_ABOUT_RETURN_TYPE = YES_ERROR;
				GCC_WARN_UNDECLARED_SELECTOR = YES;
				GCC_WARN_UNINITIALIZED_AUTOS = YES_AGGRESSIVE;
				GCC_WARN_UNUSED_FUNCTION = YES;
				GCC_WARN_UNUSED_VARIABLE = YES;
				HEADER_SEARCH_PATHS = (
					"$(inherited)",
					"${PODS_CONFIGURATION_BUILD_DIR}/ReactCommon/ReactCommon.framework/Headers",
					"${PODS_CONFIGURATION_BUILD_DIR}/ReactCommon/ReactCommon.framework/Headers/react/nativemodule/core",
					"${PODS_CONFIGURATION_BUILD_DIR}/ReactCommon-Samples/ReactCommon_Samples.framework/Headers",
					"${PODS_CONFIGURATION_BUILD_DIR}/ReactCommon-Samples/ReactCommon_Samples.framework/Headers/platform/ios",
					"${PODS_CONFIGURATION_BUILD_DIR}/React-Fabric/React_Fabric.framework/Headers/react/renderer/components/view/platform/cxx",
					"${PODS_CONFIGURATION_BUILD_DIR}/React-NativeModulesApple/React_NativeModulesApple.framework/Headers",
					"${PODS_CONFIGURATION_BUILD_DIR}/React-graphics/React_graphics.framework/Headers",
					"${PODS_CONFIGURATION_BUILD_DIR}/React-graphics/React_graphics.framework/Headers/react/renderer/graphics/platform/ios",
				);
				IPHONEOS_DEPLOYMENT_TARGET = 18.4;
				LOCALIZATION_PREFERS_STRING_CATALOGS = YES;
				MTL_ENABLE_DEBUG_INFO = INCLUDE_SOURCE;
				MTL_FAST_MATH = YES;
				ONLY_ACTIVE_ARCH = YES;
				OTHER_LDFLAGS = "$(inherited)  ";
				REACT_NATIVE_PATH = "${PODS_ROOT}/../../node_modules/react-native";
				SDKROOT = iphoneos;
				SWIFT_ACTIVE_COMPILATION_CONDITIONS = "$(inherited) DEBUG";
				SWIFT_OPTIMIZATION_LEVEL = "-Onone";
				USE_HERMES = true;
				VERSIONING_SYSTEM = "apple-generic";
				VERSION_INFO_PREFIX = "";
			};
			name = Debug;
		};
		0226DD702DA9B235009243C7 /* Release */ = {
			isa = XCBuildConfiguration;
			buildSettings = {
				ALWAYS_SEARCH_USER_PATHS = NO;
				ASSETCATALOG_COMPILER_GENERATE_SWIFT_ASSET_SYMBOL_EXTENSIONS = YES;
				CLANG_ANALYZER_NONNULL = YES;
				CLANG_ANALYZER_NUMBER_OBJECT_CONVERSION = YES_AGGRESSIVE;
				CLANG_CXX_LANGUAGE_STANDARD = "c++20";
				CLANG_ENABLE_MODULES = YES;
				CLANG_ENABLE_OBJC_ARC = YES;
				CLANG_ENABLE_OBJC_WEAK = YES;
				CLANG_WARN_BLOCK_CAPTURE_AUTORELEASING = YES;
				CLANG_WARN_BOOL_CONVERSION = YES;
				CLANG_WARN_COMMA = YES;
				CLANG_WARN_CONSTANT_CONVERSION = YES;
				CLANG_WARN_DEPRECATED_OBJC_IMPLEMENTATIONS = YES;
				CLANG_WARN_DIRECT_OBJC_ISA_USAGE = YES_ERROR;
				CLANG_WARN_DOCUMENTATION_COMMENTS = YES;
				CLANG_WARN_EMPTY_BODY = YES;
				CLANG_WARN_ENUM_CONVERSION = YES;
				CLANG_WARN_INFINITE_RECURSION = YES;
				CLANG_WARN_INT_CONVERSION = YES;
				CLANG_WARN_NON_LITERAL_NULL_CONVERSION = YES;
				CLANG_WARN_OBJC_IMPLICIT_RETAIN_SELF = YES;
				CLANG_WARN_OBJC_LITERAL_CONVERSION = YES;
				CLANG_WARN_OBJC_ROOT_CLASS = YES_ERROR;
				CLANG_WARN_QUOTED_INCLUDE_IN_FRAMEWORK_HEADER = YES;
				CLANG_WARN_RANGE_LOOP_ANALYSIS = YES;
				CLANG_WARN_STRICT_PROTOTYPES = YES;
				CLANG_WARN_SUSPICIOUS_MOVE = YES;
				CLANG_WARN_UNGUARDED_AVAILABILITY = YES_AGGRESSIVE;
				CLANG_WARN_UNREACHABLE_CODE = YES;
				CLANG_WARN__DUPLICATE_METHOD_MATCH = YES;
				COPY_PHASE_STRIP = NO;
				CURRENT_PROJECT_VERSION = 1;
				DEBUG_INFORMATION_FORMAT = "dwarf-with-dsym";
				DEVELOPMENT_TEAM = 75C6UARB5H;
				ENABLE_NS_ASSERTIONS = NO;
				ENABLE_STRICT_OBJC_MSGSEND = YES;
				ENABLE_USER_SCRIPT_SANDBOXING = YES;
				GCC_C_LANGUAGE_STANDARD = gnu17;
				GCC_NO_COMMON_BLOCKS = YES;
				GCC_WARN_64_TO_32_BIT_CONVERSION = YES;
				GCC_WARN_ABOUT_RETURN_TYPE = YES_ERROR;
				GCC_WARN_UNDECLARED_SELECTOR = YES;
				GCC_WARN_UNINITIALIZED_AUTOS = YES_AGGRESSIVE;
				GCC_WARN_UNUSED_FUNCTION = YES;
				GCC_WARN_UNUSED_VARIABLE = YES;
				HEADER_SEARCH_PATHS = (
					"$(inherited)",
					"${PODS_CONFIGURATION_BUILD_DIR}/ReactCommon/ReactCommon.framework/Headers",
					"${PODS_CONFIGURATION_BUILD_DIR}/ReactCommon/ReactCommon.framework/Headers/react/nativemodule/core",
					"${PODS_CONFIGURATION_BUILD_DIR}/ReactCommon-Samples/ReactCommon_Samples.framework/Headers",
					"${PODS_CONFIGURATION_BUILD_DIR}/ReactCommon-Samples/ReactCommon_Samples.framework/Headers/platform/ios",
					"${PODS_CONFIGURATION_BUILD_DIR}/React-Fabric/React_Fabric.framework/Headers/react/renderer/components/view/platform/cxx",
					"${PODS_CONFIGURATION_BUILD_DIR}/React-NativeModulesApple/React_NativeModulesApple.framework/Headers",
					"${PODS_CONFIGURATION_BUILD_DIR}/React-graphics/React_graphics.framework/Headers",
					"${PODS_CONFIGURATION_BUILD_DIR}/React-graphics/React_graphics.framework/Headers/react/renderer/graphics/platform/ios",
				);
				IPHONEOS_DEPLOYMENT_TARGET = 18.4;
				LOCALIZATION_PREFERS_STRING_CATALOGS = YES;
				MTL_ENABLE_DEBUG_INFO = NO;
				MTL_FAST_MATH = YES;
				OTHER_LDFLAGS = "$(inherited)  ";
				REACT_NATIVE_PATH = "${PODS_ROOT}/../../node_modules/react-native";
				SDKROOT = iphoneos;
				SWIFT_COMPILATION_MODE = wholemodule;
				USE_HERMES = true;
				VALIDATE_PRODUCT = YES;
				VERSIONING_SYSTEM = "apple-generic";
				VERSION_INFO_PREFIX = "";
			};
			name = Release;
		};
		0226DD722DA9B235009243C7 /* Debug */ = {
			isa = XCBuildConfiguration;
			baseConfigurationReference = 02897FCCC1203AED7E8244B3 /* Pods-iOS-dydxFiatRamp.debug.xcconfig */;
			buildSettings = {
				BUILD_LIBRARY_FOR_DISTRIBUTION = NO;
				CODE_SIGN_STYLE = Automatic;
				CURRENT_PROJECT_VERSION = 1;
				DEVELOPMENT_TEAM = 75C6UARB5H;
				DYLIB_COMPATIBILITY_VERSION = 1;
				DYLIB_CURRENT_VERSION = 1;
				DYLIB_INSTALL_NAME_BASE = "@rpath";
				ENABLE_MODULE_VERIFIER = YES;
				GENERATE_INFOPLIST_FILE = YES;
				INFOPLIST_KEY_NSHumanReadableCopyright = "";
				INSTALL_PATH = "$(LOCAL_LIBRARY_DIR)/Frameworks";
				IPHONEOS_DEPLOYMENT_TARGET = 16.0;
				LD_RUNPATH_SEARCH_PATHS = (
					"$(inherited)",
					"@executable_path/Frameworks",
					"@loader_path/Frameworks",
				);
				MARKETING_VERSION = 1.0;
				MODULE_VERIFIER_SUPPORTED_LANGUAGES = "objective-c objective-c++";
				MODULE_VERIFIER_SUPPORTED_LANGUAGE_STANDARDS = "gnu17 gnu++20";
				PRODUCT_BUNDLE_IDENTIFIER = exchangeV4.dydx.trading.dydxFiatRamp;
				PRODUCT_NAME = "$(TARGET_NAME:c99extidentifier)";
				SKIP_INSTALL = YES;
				SWIFT_EMIT_LOC_STRINGS = YES;
				SWIFT_INSTALL_MODULE = YES;
				SWIFT_INSTALL_OBJC_HEADER = NO;
				SWIFT_VERSION = 5.0;
				TARGETED_DEVICE_FAMILY = "1,2";
			};
			name = Debug;
		};
		0226DD732DA9B235009243C7 /* Release */ = {
			isa = XCBuildConfiguration;
			baseConfigurationReference = 5AE7643649BF02BBA4F88CEA /* Pods-iOS-dydxFiatRamp.release.xcconfig */;
			buildSettings = {
				BUILD_LIBRARY_FOR_DISTRIBUTION = NO;
				CODE_SIGN_STYLE = Automatic;
				CURRENT_PROJECT_VERSION = 1;
				DEVELOPMENT_TEAM = 75C6UARB5H;
				DYLIB_COMPATIBILITY_VERSION = 1;
				DYLIB_CURRENT_VERSION = 1;
				DYLIB_INSTALL_NAME_BASE = "@rpath";
				ENABLE_MODULE_VERIFIER = YES;
				GENERATE_INFOPLIST_FILE = YES;
				INFOPLIST_KEY_NSHumanReadableCopyright = "";
				INSTALL_PATH = "$(LOCAL_LIBRARY_DIR)/Frameworks";
				IPHONEOS_DEPLOYMENT_TARGET = 16.0;
				LD_RUNPATH_SEARCH_PATHS = (
					"$(inherited)",
					"@executable_path/Frameworks",
					"@loader_path/Frameworks",
				);
				MARKETING_VERSION = 1.0;
				MODULE_VERIFIER_SUPPORTED_LANGUAGES = "objective-c objective-c++";
				MODULE_VERIFIER_SUPPORTED_LANGUAGE_STANDARDS = "gnu17 gnu++20";
				PRODUCT_BUNDLE_IDENTIFIER = exchangeV4.dydx.trading.dydxFiatRamp;
				PRODUCT_NAME = "$(TARGET_NAME:c99extidentifier)";
				SKIP_INSTALL = YES;
				SWIFT_EMIT_LOC_STRINGS = YES;
				SWIFT_INSTALL_MODULE = YES;
				SWIFT_INSTALL_OBJC_HEADER = NO;
				SWIFT_VERSION = 5.0;
				TARGETED_DEVICE_FAMILY = "1,2";
			};
			name = Release;
		};
/* End XCBuildConfiguration section */

/* Begin XCConfigurationList section */
		0226DD642DA9B235009243C7 /* Build configuration list for PBXProject "dydxFiatRamp" */ = {
			isa = XCConfigurationList;
			buildConfigurations = (
				0226DD6F2DA9B235009243C7 /* Debug */,
				0226DD702DA9B235009243C7 /* Release */,
			);
			defaultConfigurationIsVisible = 0;
			defaultConfigurationName = Release;
		};
		0226DD712DA9B235009243C7 /* Build configuration list for PBXNativeTarget "dydxFiatRamp" */ = {
			isa = XCConfigurationList;
			buildConfigurations = (
				0226DD722DA9B235009243C7 /* Debug */,
				0226DD732DA9B235009243C7 /* Release */,
			);
			defaultConfigurationIsVisible = 0;
			defaultConfigurationName = Release;
		};
/* End XCConfigurationList section */

/* Begin XCRemoteSwiftPackageReference section */
		0226DE922DA9B39C009243C7 /* XCRemoteSwiftPackageReference "mobile-sdk-ios" */ = {
			isa = XCRemoteSwiftPackageReference;
			repositoryURL = "https://github.com/moonpay/mobile-sdk-ios";
			requirement = {
				kind = upToNextMajorVersion;
				minimumVersion = 1.0.1;
			};
		};
/* End XCRemoteSwiftPackageReference section */

/* Begin XCSwiftPackageProductDependency section */
		0226DE932DA9B39C009243C7 /* MoonPaySdk */ = {
			isa = XCSwiftPackageProductDependency;
			package = 0226DE922DA9B39C009243C7 /* XCRemoteSwiftPackageReference "mobile-sdk-ios" */;
			productName = MoonPaySdk;
		};
/* End XCSwiftPackageProductDependency section */
	};
	rootObject = 0226DD612DA9B235009243C7 /* Project object */;
}
